
Microsoft Visual Studio Solution File, Format Version 12.00
# Visual Studio Version 17
VisualStudioVersion = 17.10.34928.147
MinimumVisualStudioVersion = 10.0.40219.1
Project("{FAE04EC0-301F-11D3-BF4B-00C04F79EFBC}") = "lab tutorial d2", "lab tutorial d2.csproj", "{6184C9FB-F5B7-45F7-9292-9C212462DB9A}"
EndProject
Global
	GlobalSection(SolutionConfigurationPlatforms) = preSolution
		Debug|Any CPU = Debug|Any CPU
		Release|Any CPU = Release|Any CPU
	EndGlobalSection
	GlobalSection(ProjectConfigurationPlatforms) = postSolution
		{6184C9FB-F5B7-45F7-9292-9C212462DB9A}.Debug|Any CPU.ActiveCfg = Debug|Any CPU
		{6184C9FB-F5B7-45F7-9292-9C212462DB9A}.Debug|Any CPU.Build.0 = Debug|Any CPU
		{6184C9FB-F5B7-45F7-9292-9C212462DB9A}.Release|Any CPU.ActiveCfg = Release|Any CPU
		{6184C9FB-F5B7-45F7-9292-9C212462DB9A}.Release|Any CPU.Build.0 = Release|Any CPU
	EndGlobalSection
	GlobalSection(SolutionProperties) = preSolution
		HideSolutionNode = FALSE
	EndGlobalSection
	GlobalSection(ExtensibilityGlobals) = postSolution
		SolutionGuid = {AB32CC9B-5A8F-46EA-B7BF-EBA3A916D0D1}
	EndGlobalSection
EndGlobal
